
Microsoft Visual Studio Solution File, Format Version 12.00
# Visual Studio Version 17
VisualStudioVersion = 17.12.35527.113
MinimumVisualStudioVersion = 10.0.40219.1
Project("{2150E333-8FDC-42A3-9474-1A3956D46DE8}") = "解决方案项", "解决方案项", "{DF7C1F50-F101-4F50-A0E3-D3152A2D593A}"
	ProjectSection(SolutionItems) = preProject
		附加依赖项.txt = 附加依赖项.txt
	EndProjectSection
EndProject
Project("{8BC9CEB8-8B4A-11D0-8D11-00A0C91BC942}") = "simple_ROT13_server_with_libevent", "src\simple_ROT13_server_with_libevent\simple_ROT13_server_with_libevent.vcxproj", "{165ECBE2-1EC4-4892-9E88-0E4F32D298F1}"
EndProject
Global
	GlobalSection(SolutionConfigurationPlatforms) = preSolution
		Debug|x64 = Debug|x64
		Debug|x86 = Debug|x86
		Release|x64 = Release|x64
		Release|x86 = Release|x86
	EndGlobalSection
	GlobalSection(ProjectConfigurationPlatforms) = postSolution
		{165ECBE2-1EC4-4892-9E88-0E4F32D298F1}.Debug|x64.ActiveCfg = Debug|x64
		{165ECBE2-1EC4-4892-9E88-0E4F32D298F1}.Debug|x64.Build.0 = Debug|x64
		{165ECBE2-1EC4-4892-9E88-0E4F32D298F1}.Debug|x86.ActiveCfg = Debug|Win32
		{165ECBE2-1EC4-4892-9E88-0E4F32D298F1}.Debug|x86.Build.0 = Debug|Win32
		{165ECBE2-1EC4-4892-9E88-0E4F32D298F1}.Release|x64.ActiveCfg = Release|x64
		{165ECBE2-1EC4-4892-9E88-0E4F32D298F1}.Release|x64.Build.0 = Release|x64
		{165ECBE2-1EC4-4892-9E88-0E4F32D298F1}.Release|x86.ActiveCfg = Release|Win32
		{165ECBE2-1EC4-4892-9E88-0E4F32D298F1}.Release|x86.Build.0 = Release|Win32
	EndGlobalSection
	GlobalSection(SolutionProperties) = preSolution
		HideSolutionNode = FALSE
	EndGlobalSection
	GlobalSection(ExtensibilityGlobals) = postSolution
		SolutionGuid = {FAA2BB0B-FAF3-46AA-82D3-71D46EECA317}
	EndGlobalSection
EndGlobal
